
Microsoft Visual Studio Solution File, Format Version 12.00
# Visual Studio Version 17
VisualStudioVersion = 17.11.35222.181
MinimumVisualStudioVersion = 10.0.40219.1
Project("{9A19103F-16F7-4668-BE54-9A1E7A4F7556}") = "UserModule", "UserModule\UserModule.csproj", "{6CFB0246-E9BE-41E3-987B-3FAE4A52FFD2}"
EndProject
Project("{9A19103F-16F7-4668-BE54-9A1E7A4F7556}") = "Data", "Data\Data.csproj", "{C4985B8C-CAC5-4754-8563-335B9C7A2A9B}"
EndProject
Project("{FAE04EC0-301F-11D3-BF4B-00C04F79EFBC}") = "Core", "Core\Core.csproj", "{35E27B95-76ED-4057-8082-6D90640296D5}"
EndProject
Project("{FAE04EC0-301F-11D3-BF4B-00C04F79EFBC}") = "Business", "Business\Business.csproj", "{8E4AF571-2AE5-439A-9C12-6613D5E92220}"
EndProject
Global
	GlobalSection(SolutionConfigurationPlatforms) = preSolution
		Debug|Any CPU = Debug|Any CPU
		Release|Any CPU = Release|Any CPU
	EndGlobalSection
	GlobalSection(ProjectConfigurationPlatforms) = postSolution
		{6CFB0246-E9BE-41E3-987B-3FAE4A52FFD2}.Debug|Any CPU.ActiveCfg = Debug|Any CPU
		{6CFB0246-E9BE-41E3-987B-3FAE4A52FFD2}.Debug|Any CPU.Build.0 = Debug|Any CPU
		{6CFB0246-E9BE-41E3-987B-3FAE4A52FFD2}.Release|Any CPU.ActiveCfg = Release|Any CPU
		{6CFB0246-E9BE-41E3-987B-3FAE4A52FFD2}.Release|Any CPU.Build.0 = Release|Any CPU
		{C4985B8C-CAC5-4754-8563-335B9C7A2A9B}.Debug|Any CPU.ActiveCfg = Debug|Any CPU
		{C4985B8C-CAC5-4754-8563-335B9C7A2A9B}.Debug|Any CPU.Build.0 = Debug|Any CPU
		{C4985B8C-CAC5-4754-8563-335B9C7A2A9B}.Release|Any CPU.ActiveCfg = Release|Any CPU
		{C4985B8C-CAC5-4754-8563-335B9C7A2A9B}.Release|Any CPU.Build.0 = Release|Any CPU
		{35E27B95-76ED-4057-8082-6D90640296D5}.Debug|Any CPU.ActiveCfg = Debug|Any CPU
		{35E27B95-76ED-4057-8082-6D90640296D5}.Debug|Any CPU.Build.0 = Debug|Any CPU
		{35E27B95-76ED-4057-8082-6D90640296D5}.Release|Any CPU.ActiveCfg = Release|Any CPU
		{35E27B95-76ED-4057-8082-6D90640296D5}.Release|Any CPU.Build.0 = Release|Any CPU
		{8E4AF571-2AE5-439A-9C12-6613D5E92220}.Debug|Any CPU.ActiveCfg = Debug|Any CPU
		{8E4AF571-2AE5-439A-9C12-6613D5E92220}.Debug|Any CPU.Build.0 = Debug|Any CPU
		{8E4AF571-2AE5-439A-9C12-6613D5E92220}.Release|Any CPU.ActiveCfg = Release|Any CPU
		{8E4AF571-2AE5-439A-9C12-6613D5E92220}.Release|Any CPU.Build.0 = Release|Any CPU
	EndGlobalSection
	GlobalSection(SolutionProperties) = preSolution
		HideSolutionNode = FALSE
	EndGlobalSection
	GlobalSection(ExtensibilityGlobals) = postSolution
		SolutionGuid = {7B7E7334-B633-4A5C-8A6D-A3D1382A141B}
	EndGlobalSection
EndGlobal
